# THIS IS AN AUTOGENERATED FILE. DO NOT EDIT THIS FILE DIRECTLY.
# yarn lockfile v1


"@types/faker@^5.5.4":
  version "5.5.4"
  resolved "https://registry.yarnpkg.com/@types/faker/-/faker-5.5.4.tgz#0dd8fb8ece85db3a35f5d5dae4531e7e4d92beef"
  integrity sha512-1XxsrH9DjjjhLdi0J4MoGXcrjAmbTn1HR4Jyxs0MQVyESo9p7+AkHIl3Nd3jsUnoNzRCB8iFX/V9PLIPo73IeA==
